
Microsoft Visual Studio Solution File, Format Version 12.00
# Visual Studio Version 16
VisualStudioVersion = 16.0.29613.14
MinimumVisualStudioVersion = 10.0.40219.1
Project("{FAE04EC0-301F-11D3-BF4B-00C04F79EFBC}") = "Testeee", "Testeee\Testeee.csproj", "{F4F219AC-2E58-447B-8CD0-CB592B74CEB9}"
EndProject
Global
	GlobalSection(SolutionConfigurationPlatforms) = preSolution
		Debug|Any CPU = Debug|Any CPU
		Release|Any CPU = Release|Any CPU
	EndGlobalSection
	GlobalSection(ProjectConfigurationPlatforms) = postSolution
		{F4F219AC-2E58-447B-8CD0-CB592B74CEB9}.Debug|Any CPU.ActiveCfg = Debug|Any CPU
		{F4F219AC-2E58-447B-8CD0-CB592B74CEB9}.Debug|Any CPU.Build.0 = Debug|Any CPU
		{F4F219AC-2E58-447B-8CD0-CB592B74CEB9}.Release|Any CPU.ActiveCfg = Release|Any CPU
		{F4F219AC-2E58-447B-8CD0-CB592B74CEB9}.Release|Any CPU.Build.0 = Release|Any CPU
	EndGlobalSection
	GlobalSection(SolutionProperties) = preSolution
		HideSolutionNode = FALSE
	EndGlobalSection
	GlobalSection(ExtensibilityGlobals) = postSolution
		SolutionGuid = {CA3E5917-5774-4D72-AD6F-1509208F8D50}
	EndGlobalSection
EndGlobal
